# This file is automatically @generated by Poetry 1.8.3 and should not be changed by hand.

[[package]]
name = "cffi"
version = "1.17.1"
description = "Foreign Function Interface for Python calling C code."
optional = false
python-versions = ">=3.8"
files = [
    {file = "cffi-1.17.1-cp310-cp310-macosx_10_9_x86_64.whl", hash = "sha256:df8b1c11f177bc2313ec4b2d46baec87a5f3e71fc8b45dab2ee7cae86d9aba14"},
    {file = "cffi-1.17.1-cp310-cp310-macosx_11_0_arm64.whl", hash = "sha256:8f2cdc858323644ab277e9bb925ad72ae0e67f69e804f4898c070998d50b1a67"},
    {file = "cffi-1.17.1-cp310-cp310-manylinux_2_12_i686.manylinux2010_i686.manylinux_2_17_i686.manylinux2014_i686.whl", hash = "sha256:edae79245293e15384b51f88b00613ba9f7198016a5948b5dddf4917d4d26382"},
    {file = "cffi-1.17.1-cp310-cp310-manylinux_2_17_aarch64.manylinux2014_aarch64.whl", hash = "sha256:45398b671ac6d70e67da8e4224a065cec6a93541bb7aebe1b198a61b58c7b702"},
    {file = "cffi-1.17.1-cp310-cp310-manylinux_2_17_ppc64le.manylinux2014_ppc64le.whl", hash = "sha256:ad9413ccdeda48c5afdae7e4fa2192157e991ff761e7ab8fdd8926f40b160cc3"},
    {file = "cffi-1.17.1-cp310-cp310-manylinux_2_17_s390x.manylinux2014_s390x.whl", hash = "sha256:5da5719280082ac6bd9aa7becb3938dc9f9cbd57fac7d2871717b1feb0902ab6"},
    {file = "cffi-1.17.1-cp310-cp310-manylinux_2_17_x86_64.manylinux2014_x86_64.whl", hash = "sha256:2bb1a08b8008b281856e5971307cc386a8e9c5b625ac297e853d36da6efe9c17"},
    {file = "cffi-1.17.1-cp310-cp310-musllinux_1_1_aarch64.whl", hash = "sha256:045d61c734659cc045141be4bae381a41d89b741f795af1dd018bfb532fd0df8"},
    {file = "cffi-1.17.1-cp310-cp310-musllinux_1_1_i686.whl", hash = "sha256:6883e737d7d9e4899a8a695e00ec36bd4e5e4f18fabe0aca0efe0a4b44cdb13e"},
    {file = "cffi-1.17.1-cp310-cp310-musllinux_1_1_x86_64.whl", hash = "sha256:6b8b4a92e1c65048ff98cfe1f735ef8f1ceb72e3d5f0c25fdb12087a23da22be"},
    {file = "cffi-1.17.1-cp310-cp310-win32.whl", hash = "sha256:c9c3d058ebabb74db66e431095118094d06abf53284d9c81f27300d0e0d8bc7c"},
    {file = "cffi-1.17.1-cp310-cp310-win_amd64.whl", hash = "sha256:0f048dcf80db46f0098ccac01132761580d28e28bc0f78ae0d58048063317e15"},
    {file = "cffi-1.17.1-cp311-cp311-macosx_10_9_x86_64.whl", hash = "sha256:a45e3c6913c5b87b3ff120dcdc03f6131fa0065027d0ed7ee6190736a74cd401"},
    {file = "cffi-1.17.1-cp311-cp311-macosx_11_0_arm64.whl", hash = "sha256:30c5e0cb5ae493c04c8b42916e52ca38079f1b235c2f8ae5f4527b963c401caf"},
    {file = "cffi-1.17.1-cp311-cp311-manylinux_2_12_i686.manylinux2010_i686.manylinux_2_17_i686.manylinux2014_i686.whl", hash = "sha256:f75c7ab1f9e4aca5414ed4d8e5c0e303a34f4421f8a0d47a4d019ceff0ab6af4"},
    {file = "cffi-1.17.1-cp311-cp311-manylinux_2_17_aarch64.manylinux2014_aarch64.whl", hash = "sha256:a1ed2dd2972641495a3ec98445e09766f077aee98a1c896dcb4ad0d303628e41"},
    {file = "cffi-1.17.1-cp311-cp311-manylinux_2_17_ppc64le.manylinux2014_ppc64le.whl", hash = "sha256:46bf43160c1a35f7ec506d254e5c890f3c03648a4dbac12d624e4490a7046cd1"},
    {file = "cffi-1.17.1-cp311-cp311-manylinux_2_17_s390x.manylinux2014_s390x.whl", hash = "sha256:a24ed04c8ffd54b0729c07cee15a81d964e6fee0e3d4d342a27b020d22959dc6"},
    {file = "cffi-1.17.1-cp311-cp311-manylinux_2_17_x86_64.manylinux2014_x86_64.whl", hash = "sha256:610faea79c43e44c71e1ec53a554553fa22321b65fae24889706c0a84d4ad86d"},
    {file = "cffi-1.17.1-cp311-cp311-musllinux_1_1_aarch64.whl", hash = "sha256:a9b15d491f3ad5d692e11f6b71f7857e7835eb677955c00cc0aefcd0669adaf6"},
    {file = "cffi-1.17.1-cp311-cp311-musllinux_1_1_i686.whl", hash = "sha256:de2ea4b5833625383e464549fec1bc395c1bdeeb5f25c4a3a82b5a8c756ec22f"},
    {file = "cffi-1.17.1-cp311-cp311-musllinux_1_1_x86_64.whl", hash = "sha256:fc48c783f9c87e60831201f2cce7f3b2e4846bf4d8728eabe54d60700b318a0b"},
    {file = "cffi-1.17.1-cp311-cp311-win32.whl", hash = "sha256:85a950a4ac9c359340d5963966e3e0a94a676bd6245a4b55bc43949eee26a655"},
    {file = "cffi-1.17.1-cp311-cp311-win_amd64.whl", hash = "sha256:caaf0640ef5f5517f49bc275eca1406b0ffa6aa184892812030f04c2abf589a0"},
    {file = "cffi-1.17.1-cp312-cp312-macosx_10_9_x86_64.whl", hash = "sha256:805b4371bf7197c329fcb3ead37e710d1bca9da5d583f5073b799d5c5bd1eee4"},
    {file = "cffi-1.17.1-cp312-cp312-macosx_11_0_arm64.whl", hash = "sha256:733e99bc2df47476e3848417c5a4540522f234dfd4ef3ab7fafdf555b082ec0c"},
    {file = "cffi-1.17.1-cp312-cp312-manylinux_2_12_i686.manylinux2010_i686.manylinux_2_17_i686.manylinux2014_i686.whl", hash = "sha256:1257bdabf294dceb59f5e70c64a3e2f462c30c7ad68092d01bbbfb1c16b1ba36"},
    {file = "cffi-1.17.1-cp312-cp312-manylinux_2_17_aarch64.manylinux2014_aarch64.whl", hash = "sha256:da95af8214998d77a98cc14e3a3bd00aa191526343078b530ceb0bd710fb48a5"},
    {file = "cffi-1.17.1-cp312-cp312-manylinux_2_17_ppc64le.manylinux2014_ppc64le.whl", hash = "sha256:d63afe322132c194cf832bfec0dc69a99fb9bb6bbd550f161a49e9e855cc78ff"},
    {file = "cffi-1.17.1-cp312-cp312-manylinux_2_17_s390x.manylinux2014_s390x.whl", hash = "sha256:f79fc4fc25f1c8698ff97788206bb3c2598949bfe0fef03d299eb1b5356ada99"},
    {file = "cffi-1.17.1-cp312-cp312-manylinux_2_17_x86_64.manylinux2014_x86_64.whl", hash = "sha256:b62ce867176a75d03a665bad002af8e6d54644fad99a3c70905c543130e39d93"},
    {file = "cffi-1.17.1-cp312-cp312-musllinux_1_1_aarch64.whl", hash = "sha256:386c8bf53c502fff58903061338ce4f4950cbdcb23e2902d86c0f722b786bbe3"},
    {file = "cffi-1.17.1-cp312-cp312-musllinux_1_1_x86_64.whl", hash = "sha256:4ceb10419a9adf4460ea14cfd6bc43d08701f0835e979bf821052f1805850fe8"},
    {file = "cffi-1.17.1-cp312-cp312-win32.whl", hash = "sha256:a08d7e755f8ed21095a310a693525137cfe756ce62d066e53f502a83dc550f65"},
    {file = "cffi-1.17.1-cp312-cp312-win_amd64.whl", hash = "sha256:51392eae71afec0d0c8fb1a53b204dbb3bcabcb3c9b807eedf3e1e6ccf2de903"},
    {file = "cffi-1.17.1-cp313-cp313-macosx_10_13_x86_64.whl", hash = "sha256:f3a2b4222ce6b60e2e8b337bb9596923045681d71e5a082783484d845390938e"},
    {file = "cffi-1.17.1-cp313-cp313-macosx_11_0_arm64.whl", hash = "sha256:0984a4925a435b1da406122d4d7968dd861c1385afe3b45ba82b750f229811e2"},
    {file = "cffi-1.17.1-cp313-cp313-manylinux_2_12_i686.manylinux2010_i686.manylinux_2_17_i686.manylinux2014_i686.whl", hash = "sha256:d01b12eeeb4427d3110de311e1774046ad344f5b1a7403101878976ecd7a10f3"},
    {file = "cffi-1.17.1-cp313-cp313-manylinux_2_17_aarch64.manylinux2014_aarch64.whl", hash = "sha256:706510fe141c86a69c8ddc029c7910003a17353970cff3b904ff0686a5927683"},
    {file = "cffi-1.17.1-cp313-cp313-manylinux_2_17_ppc64le.manylinux2014_ppc64le.whl", hash = "sha256:de55b766c7aa2e2a3092c51e0483d700341182f08e67c63630d5b6f200bb28e5"},
    {file = "cffi-1.17.1-cp313-cp313-manylinux_2_17_s390x.manylinux2014_s390x.whl", hash = "sha256:c59d6e989d07460165cc5ad3c61f9fd8f1b4796eacbd81cee78957842b834af4"},
    {file = "cffi-1.17.1-cp313-cp313-manylinux_2_17_x86_64.manylinux2014_x86_64.whl", hash = "sha256:dd398dbc6773384a17fe0d3e7eeb8d1a21c2200473ee6806bb5e6a8e62bb73dd"},
    {file = "cffi-1.17.1-cp313-cp313-musllinux_1_1_aarch64.whl", hash = "sha256:3edc8d958eb099c634dace3c7e16560ae474aa3803a5df240542b305d14e14ed"},
    {file = "cffi-1.17.1-cp313-cp313-musllinux_1_1_x86_64.whl", hash = "sha256:72e72408cad3d5419375fc87d289076ee319835bdfa2caad331e377589aebba9"},
    {file = "cffi-1.17.1-cp313-cp313-win32.whl", hash = "sha256:e03eab0a8677fa80d646b5ddece1cbeaf556c313dcfac435ba11f107ba117b5d"},
    {file = "cffi-1.17.1-cp313-cp313-win_amd64.whl", hash = "sha256:f6a16c31041f09ead72d69f583767292f750d24913dadacf5756b966aacb3f1a"},
    {file = "cffi-1.17.1-cp38-cp38-macosx_10_9_x86_64.whl", hash = "sha256:636062ea65bd0195bc012fea9321aca499c0504409f413dc88af450b57ffd03b"},
    {file = "cffi-1.17.1-cp38-cp38-manylinux_2_12_i686.manylinux2010_i686.manylinux_2_17_i686.manylinux2014_i686.whl", hash = "sha256:c7eac2ef9b63c79431bc4b25f1cd649d7f061a28808cbc6c47b534bd789ef964"},
    {file = "cffi-1.17.1-cp38-cp38-manylinux_2_17_aarch64.manylinux2014_aarch64.whl", hash = "sha256:e221cf152cff04059d011ee126477f0d9588303eb57e88923578ace7baad17f9"},
    {file = "cffi-1.17.1-cp38-cp38-manylinux_2_17_ppc64le.manylinux2014_ppc64le.whl", hash = "sha256:31000ec67d4221a71bd3f67df918b1f88f676f1c3b535a7eb473255fdc0b83fc"},
    {file = "cffi-1.17.1-cp38-cp38-manylinux_2_17_s390x.manylinux2014_s390x.whl", hash = "sha256:6f17be4345073b0a7b8ea599688f692ac3ef23ce28e5df79c04de519dbc4912c"},
    {file = "cffi-1.17.1-cp38-cp38-manylinux_2_17_x86_64.manylinux2014_x86_64.whl", hash = "sha256:0e2b1fac190ae3ebfe37b979cc1ce69c81f4e4fe5746bb401dca63a9062cdaf1"},
    {file = "cffi-1.17.1-cp38-cp38-win32.whl", hash = "sha256:7596d6620d3fa590f677e9ee430df2958d2d6d6de2feeae5b20e82c00b76fbf8"},
    {file = "cffi-1.17.1-cp38-cp38-win_amd64.whl", hash = "sha256:78122be759c3f8a014ce010908ae03364d00a1f81ab5c7f4a7a5120607ea56e1"},
    {file = "cffi-1.17.1-cp39-cp39-macosx_10_9_x86_64.whl", hash = "sha256:b2ab587605f4ba0bf81dc0cb08a41bd1c0a5906bd59243d56bad7668a6fc6c16"},
    {file = "cffi-1.17.1-cp39-cp39-macosx_11_0_arm64.whl", hash = "sha256:28b16024becceed8c6dfbc75629e27788d8a3f9030691a1dbf9821a128b22c36"},
    {file = "cffi-1.17.1-cp39-cp39-manylinux_2_12_i686.manylinux2010_i686.manylinux_2_17_i686.manylinux2014_i686.whl", hash = "sha256:1d599671f396c4723d016dbddb72fe8e0397082b0a77a4fab8028923bec050e8"},
    {file = "cffi-1.17.1-cp39-cp39-manylinux_2_17_aarch64.manylinux2014_aarch64.whl", hash = "sha256:ca74b8dbe6e8e8263c0ffd60277de77dcee6c837a3d0881d8c1ead7268c9e576"},
    {file = "cffi-1.17.1-cp39-cp39-manylinux_2_17_ppc64le.manylinux2014_ppc64le.whl", hash = "sha256:f7f5baafcc48261359e14bcd6d9bff6d4b28d9103847c9e136694cb0501aef87"},
    {file = "cffi-1.17.1-cp39-cp39-manylinux_2_17_s390x.manylinux2014_s390x.whl", hash = "sha256:98e3969bcff97cae1b2def8ba499ea3d6f31ddfdb7635374834cf89a1a08ecf0"},
    {file = "cffi-1.17.1-cp39-cp39-manylinux_2_17_x86_64.manylinux2014_x86_64.whl", hash = "sha256:cdf5ce3acdfd1661132f2a9c19cac174758dc2352bfe37d98aa7512c6b7178b3"},
    {file = "cffi-1.17.1-cp39-cp39-musllinux_1_1_aarch64.whl", hash = "sha256:9755e4345d1ec879e3849e62222a18c7174d65a6a92d5b346b1863912168b595"},
    {file = "cffi-1.17.1-cp39-cp39-musllinux_1_1_i686.whl", hash = "sha256:f1e22e8c4419538cb197e4dd60acc919d7696e5ef98ee4da4e01d3f8cfa4cc5a"},
    {file = "cffi-1.17.1-cp39-cp39-musllinux_1_1_x86_64.whl", hash = "sha256:c03e868a0b3bc35839ba98e74211ed2b05d2119be4e8a0f224fba9384f1fe02e"},
    {file = "cffi-1.17.1-cp39-cp39-win32.whl", hash = "sha256:e31ae45bc2e29f6b2abd0de1cc3b9d5205aa847cafaecb8af1476a609a2f6eb7"},
    {file = "cffi-1.17.1-cp39-cp39-win_amd64.whl", hash = "sha256:d016c76bdd850f3c626af19b0542c9677ba156e4ee4fccfdd7848803533ef662"},
    {file = "cffi-1.17.1.tar.gz", hash = "sha256:1c39c6016c32bc48dd54561950ebd6836e1670f2ae46128f67cf49e789c52824"},
]

[package.dependencies]
pycparser = "*"

[[package]]
name = "packaging"
version = "24.1"
description = "Core utilities for Python packages"
optional = false
python-versions = ">=3.8"
files = [
    {file = "packaging-24.1-py3-none-any.whl", hash = "sha256:5b8f2217dbdbd2f7f384c41c628544e6d52f2d0f53c6d0c3ea61aa5d1d7ff124"},
    {file = "packaging-24.1.tar.gz", hash = "sha256:026ed72c8ed3fcce5bf8950572258698927fd1dbda10a5e981cdf0ac37f4f002"},
]

[[package]]
name = "prompt-toolkit"
version = "3.0.48"
description = "Library for building powerful interactive command lines in Python"
optional = false
python-versions = ">=3.7.0"
files = [
    {file = "prompt_toolkit-3.0.48-py3-none-any.whl", hash = "sha256:f49a827f90062e411f1ce1f854f2aedb3c23353244f8108b89283587397ac10e"},
    {file = "prompt_toolkit-3.0.48.tar.gz", hash = "sha256:d6623ab0477a80df74e646bdbc93621143f5caf104206aa29294d53de1a03d90"},
]

[package.dependencies]
wcwidth = "*"

[[package]]
name = "pycparser"
version = "2.22"
description = "C parser in Python"
optional = false
python-versions = ">=3.8"
files = [
    {file = "pycparser-2.22-py3-none-any.whl", hash = "sha256:c3702b6d3dd8c7abc1afa565d7e63d53a1d0bd86cdc24edd75470f4de499cfcc"},
    {file = "pycparser-2.22.tar.gz", hash = "sha256:491c8be9c040f5390f5bf44a5b07752bd07f56edf992381b05c701439eec10f6"},
]

[[package]]
name = "pygments"
version = "2.18.0"
description = "Pygments is a syntax highlighting package written in Python."
optional = false
python-versions = ">=3.8"
files = [
    {file = "pygments-2.18.0-py3-none-any.whl", hash = "sha256:b8e6aca0523f3ab76fee51799c488e38782ac06eafcf95e7ba832985c8e7b13a"},
    {file = "pygments-2.18.0.tar.gz", hash = "sha256:786ff802f32e91311bff3889f6e9a86e81505fe99f2735bb6d60ae0c5004f199"},
]

[package.extras]
windows-terminal = ["colorama (>=0.4.6)"]

[[package]]
name = "radian"
version = "0.6.13"
description = "A 21 century R console"
optional = false
python-versions = ">=3.7"
files = [
    {file = "radian-0.6.13.tar.gz", hash = "sha256:197da7c44c7f21ec6926ec2bb3223c968e833099725cf1a76d2aa80c0b0235b7"},
]

[package.dependencies]
prompt_toolkit = ">=3.0.41,<3.1"
pygments = ">=2.5.0"
rchitect = ">=0.4.7,<0.5.0"

[package.extras]
test = ["coverage", "pexpect", "ptyprocess", "pyte (>=0.8.0)", "pytest"]

[[package]]
name = "rchitect"
version = "0.4.7"
description = "Mapping R API to Python"
optional = false
python-versions = ">=3.7"
files = [
    {file = "rchitect-0.4.7-cp310-cp310-macosx_10_9_x86_64.whl", hash = "sha256:413d2f10ed0561fe57352f5b98c41c785cdcbec59fec28045d4285bb587b75a0"},
    {file = "rchitect-0.4.7-cp310-cp310-macosx_11_0_arm64.whl", hash = "sha256:13cdce88b1b7276a81c332d9f226220d8432740db1879e96fbb8f0b6b52411ad"},
    {file = "rchitect-0.4.7-cp310-cp310-manylinux_2_5_i686.manylinux1_i686.manylinux_2_17_i686.manylinux2014_i686.whl", hash = "sha256:15f6d31afe8b119f33836b4b7f1c1de70da1577051c71c1ce9da4d91bfbb5940"},
    {file = "rchitect-0.4.7-cp310-cp310-manylinux_2_5_x86_64.manylinux1_x86_64.manylinux_2_17_x86_64.manylinux2014_x86_64.whl", hash = "sha256:b9b4ebc46705448f8af962ba5898f4accc101d2dca790a08b7d5a8f55da7b947"},
    {file = "rchitect-0.4.7-cp310-cp310-musllinux_1_1_i686.whl", hash = "sha256:50721c357a7a16548fcb5dee6bedf2671d1578a46bb3bb9d2d9b54040b06a954"},
    {file = "rchitect-0.4.7-cp310-cp310-musllinux_1_1_x86_64.whl", hash = "sha256:8a12bd9eac5f1619103253e2e034e38c83a48c27fdd7642d23d4efc80a0a1830"},
    {file = "rchitect-0.4.7-cp310-cp310-win32.whl", hash = "sha256:367f4dfd16e398fd019ecaec607f1b7a3237164e8bb7419115be52bf4b2fceb6"},
    {file = "rchitect-0.4.7-cp310-cp310-win_amd64.whl", hash = "sha256:1d573453fdc1962a09c52d5e04d80fe747967897ab80714b5a7e89bdd630cf3f"},
    {file = "rchitect-0.4.7-cp311-cp311-macosx_10_9_x86_64.whl", hash = "sha256:108bf98bff6f608610deec1c3de4a2f1ccf614cfe3c1945f9eb904dece41787f"},
    {file = "rchitect-0.4.7-cp311-cp311-macosx_11_0_arm64.whl", hash = "sha256:e1e08d3f95aa01043f50dcb51953de2c53f36ee5f42042150cacbf58c669fb48"},
    {file = "rchitect-0.4.7-cp311-cp311-manylinux_2_5_i686.manylinux1_i686.manylinux_2_17_i686.manylinux2014_i686.whl", hash = "sha256:be755d110d59b9a3e86a414d9bb1c2a0a2b9882ee7480971e32894892c3185a5"},
    {file = "rchitect-0.4.7-cp311-cp311-manylinux_2_5_x86_64.manylinux1_x86_64.manylinux_2_17_x86_64.manylinux2014_x86_64.whl", hash = "sha256:fd1d98c41dd7897cf8694823ed21061a8eaf5732cc979072e7dc43190eb5dfb2"},
    {file = "rchitect-0.4.7-cp311-cp311-musllinux_1_1_i686.whl", hash = "sha256:f4b1aa80fe1133c1aab4daf7c6b9635fd6e95cd108a5b510a6303c2a56c46c4a"},
    {file = "rchitect-0.4.7-cp311-cp311-musllinux_1_1_x86_64.whl", hash = "sha256:8e03fabdde3ce1c7c3408409201c1c8e8ca0bc6106c3b48b7899090f6cf8b853"},
    {file = "rchitect-0.4.7-cp311-cp311-win32.whl", hash = "sha256:5e22433010142bd40b97b960eb59818f8b1796b8a150518961c3558483c9bd0f"},
    {file = "rchitect-0.4.7-cp311-cp311-win_amd64.whl", hash = "sha256:6c84f5f85fe478f3d0ab7943eabcd4c49a1d60aecb5304e2b064f9a9d4d2260a"},
    {file = "rchitect-0.4.7-cp312-cp312-macosx_10_9_x86_64.whl", hash = "sha256:dc84363ab4887014cffc86cbda886a2ffb617af1e6b0d0febfda88e2bb553f7a"},
    {file = "rchitect-0.4.7-cp312-cp312-macosx_11_0_arm64.whl", hash = "sha256:c5b379e5e687b8a5c5a77ef258f6f043bc3d9617875d8793543fb009d8578e0b"},
    {file = "rchitect-0.4.7-cp312-cp312-manylinux_2_5_i686.manylinux1_i686.manylinux_2_17_i686.manylinux2014_i686.whl", hash = "sha256:b31549918a3999373e761a06b62265db9e80ca2ba10da108ab6c82c7fab9b856"},
    {file = "rchitect-0.4.7-cp312-cp312-manylinux_2_5_x86_64.manylinux1_x86_64.manylinux_2_17_x86_64.manylinux2014_x86_64.whl", hash = "sha256:4ebfc7687e6045a846f7cd020367eb0eaa6858d9efa224527fe91b28222a94b0"},
    {file = "rchitect-0.4.7-cp312-cp312-musllinux_1_1_i686.whl", hash = "sha256:9023ce9164abe00ee954fc5321a724be04e350f045250f4ac29344080e14de19"},
    {file = "rchitect-0.4.7-cp312-cp312-musllinux_1_1_x86_64.whl", hash = "sha256:f36980c39260d569665ff3353d311c758d89449f6a105cbebc4b53a726d2fb31"},
    {file = "rchitect-0.4.7-cp312-cp312-win32.whl", hash = "sha256:e8b33c3312c636ff28eb1fa3036e23d6910a11908a3c0e6a13320e6b606d9c71"},
    {file = "rchitect-0.4.7-cp312-cp312-win_amd64.whl", hash = "sha256:8f7e60faa6a0d9b93c4c3b0189ff40b77ff0652197adaf0581e93843eb367364"},
    {file = "rchitect-0.4.7-cp37-cp37m-macosx_10_9_x86_64.whl", hash = "sha256:ba2ecf4c4bca560fef6fc988d92142ccbc876ab90b5d428ecb80e1322bb88df3"},
    {file = "rchitect-0.4.7-cp37-cp37m-manylinux_2_5_i686.manylinux1_i686.manylinux_2_17_i686.manylinux2014_i686.whl", hash = "sha256:0a3b8ad1bbc02bdc95ba78b6615ec82bde17ae295e09fb2ce8617f0815840355"},
    {file = "rchitect-0.4.7-cp37-cp37m-manylinux_2_5_x86_64.manylinux1_x86_64.manylinux_2_17_x86_64.manylinux2014_x86_64.whl", hash = "sha256:66af6629bdaea87c201e1a8280062f2b492f418b70f7930699148815bf507f37"},
    {file = "rchitect-0.4.7-cp37-cp37m-musllinux_1_1_i686.whl", hash = "sha256:287ee345a844ff09785afe6c90175bcb2a61a387a974338d3e833213230292f0"},
    {file = "rchitect-0.4.7-cp37-cp37m-musllinux_1_1_x86_64.whl", hash = "sha256:3710aaf7cc2c073544e27a7598aaa0b7e787f0297dea0971e13600b0391412e6"},
    {file = "rchitect-0.4.7-cp37-cp37m-win32.whl", hash = "sha256:d1b9658fd5ade9731ecd46e89ec660b54ffa8832a2d0e617398af1854a74fcca"},
    {file = "rchitect-0.4.7-cp37-cp37m-win_amd64.whl", hash = "sha256:9ed29293b1a80e63e0c8c0b17d426c71d7a7247e8e0c2f5998dea85c4fafebea"},
    {file = "rchitect-0.4.7-cp38-cp38-macosx_10_9_x86_64.whl", hash = "sha256:77262251f7201b1a4969e7c6c7a4c5cad8c65327108df7beb07f908fd1299277"},
    {file = "rchitect-0.4.7-cp38-cp38-macosx_11_0_arm64.whl", hash = "sha256:e1480ab6b04a12f5911222cc47d42353888d57a29e3164e68e81883eccf0dffd"},
    {file = "rchitect-0.4.7-cp38-cp38-manylinux_2_5_i686.manylinux1_i686.manylinux_2_17_i686.manylinux2014_i686.whl", hash = "sha256:47105c916a822fe7dc1261329dde7a41344a6ff30522c3977e8671f6716ae02b"},
    {file = "rchitect-0.4.7-cp38-cp38-manylinux_2_5_x86_64.manylinux1_x86_64.manylinux_2_17_x86_64.manylinux2014_x86_64.whl", hash = "sha256:2ffe4c15234d36ce18b682a39416df1f7545223d3e4bead06342f6d157aab915"},
    {file = "rchitect-0.4.7-cp38-cp38-musllinux_1_1_i686.whl", hash = "sha256:a37be7368462fd730a81d293dcd2900aa79ca7e3ebc4b961ea3018b4fe3b0341"},
    {file = "rchitect-0.4.7-cp38-cp38-musllinux_1_1_x86_64.whl", hash = "sha256:c3f8de3804a7994422862ff50d887e96da4d2856db1d5f036bd970490d0ff87f"},
    {file = "rchitect-0.4.7-cp38-cp38-win32.whl", hash = "sha256:a9a68ec2ebeb6a1735906ab78cc332f7c349407e65b56db0baa019da55741903"},
    {file = "rchitect-0.4.7-cp38-cp38-win_amd64.whl", hash = "sha256:e78dd3a40b93978be83520ab5f87728ca4dc7cc79830cd2d015a5c2756c00d7c"},
    {file = "rchitect-0.4.7-cp39-cp39-macosx_10_9_x86_64.whl", hash = "sha256:4081ddfb4df841593e39e53e75e1dd9beb689a1593f4f77e6c33818dd0f56fe8"},
    {file = "rchitect-0.4.7-cp39-cp39-macosx_11_0_arm64.whl", hash = "sha256:d37f41d21fefdeef3dd09d476633f30aba6475ececf4e740f32908e466749c1c"},
    {file = "rchitect-0.4.7-cp39-cp39-manylinux_2_5_i686.manylinux1_i686.manylinux_2_17_i686.manylinux2014_i686.whl", hash = "sha256:7c9c972b5c5aa8c3ebc18a284b9c91be66ac92ac2b2b05f0cb250a2ec4c3d5fd"},
    {file = "rchitect-0.4.7-cp39-cp39-manylinux_2_5_x86_64.manylinux1_x86_64.manylinux_2_17_x86_64.manylinux2014_x86_64.whl", hash = "sha256:a0d55f6a004c99535fc5a5fd58c9877552a815eedad9d5b659b2c11cee95cd00"},
    {file = "rchitect-0.4.7-cp39-cp39-musllinux_1_1_i686.whl", hash = "sha256:f27e2a948d2008181025988623af1f1e29b7c44fcc9b3a239fcd04deadfb95cb"},
    {file = "rchitect-0.4.7-cp39-cp39-musllinux_1_1_x86_64.whl", hash = "sha256:4885212ae79371a173766fa7c175b837264f8391c84334921ef3415416cddd2f"},
    {file = "rchitect-0.4.7-cp39-cp39-win32.whl", hash = "sha256:db42bee9c6dc23f5fff87df9793d1d6c0e3e6279bb310e725392018166c6d394"},
    {file = "rchitect-0.4.7-cp39-cp39-win_amd64.whl", hash = "sha256:73a8c02cafc0b67dd5f47210e05ff59c6df5e8b81b99d57b9cfa3803cf3f04f5"},
    {file = "rchitect-0.4.7-pp310-pypy310_pp73-macosx_10_9_x86_64.whl", hash = "sha256:5c903eb20766fbc5665fca59b3554a6d91f69b00a8c9cd8dc9ea015747b5db77"},
    {file = "rchitect-0.4.7-pp310-pypy310_pp73-macosx_11_0_arm64.whl", hash = "sha256:822cba79da02fc55f3a76b13c8bf96b5be7d0998e004442b198a21726936f8b3"},
    {file = "rchitect-0.4.7-pp310-pypy310_pp73-manylinux_2_5_i686.manylinux1_i686.manylinux_2_17_i686.manylinux2014_i686.whl", hash = "sha256:f91dac450a70f455705e9fc3a930f275ba22ebeaf429f1417908e2732ba0fb5a"},
    {file = "rchitect-0.4.7-pp310-pypy310_pp73-manylinux_2_5_x86_64.manylinux1_x86_64.manylinux_2_17_x86_64.manylinux2014_x86_64.whl", hash = "sha256:48ad7faf3f31e194653908815a95129785d761bbf1a8c765a0a175960fba24d9"},
    {file = "rchitect-0.4.7-pp310-pypy310_pp73-win_amd64.whl", hash = "sha256:b63ab432db30dcf5a54419cc009d3c8683a390170b3a065aa8f2b6e8b0977e0e"},
    {file = "rchitect-0.4.7-pp37-pypy37_pp73-macosx_10_9_x86_64.whl", hash = "sha256:1cac532218784ca221c4b979a352ee81efc2847879dc9ce5379f5dfa38436338"},
    {file = "rchitect-0.4.7-pp37-pypy37_pp73-manylinux_2_5_i686.manylinux1_i686.manylinux_2_17_i686.manylinux2014_i686.whl", hash = "sha256:7a4b07b2d1fa10f714cf8c9560cce3704b805aa2ee24b53313d7d5d77e3115e3"},
    {file = "rchitect-0.4.7-pp37-pypy37_pp73-manylinux_2_5_x86_64.manylinux1_x86_64.manylinux_2_17_x86_64.manylinux2014_x86_64.whl", hash = "sha256:cffa3581286bfbccc50b47a0d5a1fda2bbb9346d8dd061ff05c26ef99d3cb58a"},
    {file = "rchitect-0.4.7-pp37-pypy37_pp73-win_amd64.whl", hash = "sha256:89bd6edfc477a1092bd497ecac895fc4da7e6276dc9a2184bfb96b13bd5cd59e"},
    {file = "rchitect-0.4.7-pp38-pypy38_pp73-macosx_10_9_x86_64.whl", hash = "sha256:7651c15a730a5d9477403eb3572b2dfa49ea3dc081fe2e653dd50d15898680d2"},
    {file = "rchitect-0.4.7-pp38-pypy38_pp73-macosx_11_0_arm64.whl", hash = "sha256:e3d8bd990ac1ca63a1f4a19868447f91d5f4b87640e5f3ce3ff9f3d37877cafa"},
    {file = "rchitect-0.4.7-pp38-pypy38_pp73-manylinux_2_5_i686.manylinux1_i686.manylinux_2_17_i686.manylinux2014_i686.whl", hash = "sha256:e853e5547faed0071a93164216b807df2a199521daa811f9fc9c677b17acb5b6"},
    {file = "rchitect-0.4.7-pp38-pypy38_pp73-manylinux_2_5_x86_64.manylinux1_x86_64.manylinux_2_17_x86_64.manylinux2014_x86_64.whl", hash = "sha256:b66812d6d228643a6d60658a8709eb1707af9e758e0688ddcd77ac1e643e845f"},
    {file = "rchitect-0.4.7-pp38-pypy38_pp73-win_amd64.whl", hash = "sha256:b0ebd76e7298eadea8f007953c55853eadbda83cb2dd24a7a5e27be00760f0ca"},
    {file = "rchitect-0.4.7-pp39-pypy39_pp73-macosx_10_9_x86_64.whl", hash = "sha256:476be524419526f9357ff644d95c90ed5d4a49276078d297a3c05577ac1f19aa"},
    {file = "rchitect-0.4.7-pp39-pypy39_pp73-macosx_11_0_arm64.whl", hash = "sha256:e8b6b5ae6d30131828bdc887e807ff94a90f6a13ddd5b8e45d42a5295b4f06a2"},
    {file = "rchitect-0.4.7-pp39-pypy39_pp73-manylinux_2_5_i686.manylinux1_i686.manylinux_2_17_i686.manylinux2014_i686.whl", hash = "sha256:b4faa556d03f79b29f4cf7926854286636f0f57db1a716a9e8446e405f76648f"},
    {file = "rchitect-0.4.7-pp39-pypy39_pp73-manylinux_2_5_x86_64.manylinux1_x86_64.manylinux_2_17_x86_64.manylinux2014_x86_64.whl", hash = "sha256:94d7d5343f3d180f9d72870b48b827286929d2440ce8ce5719703fce1ef58ef4"},
    {file = "rchitect-0.4.7-pp39-pypy39_pp73-win_amd64.whl", hash = "sha256:914e39194b9d555c46f3d5fb0f512670ad860f8784b4b585aa356d9488d57915"},
    {file = "rchitect-0.4.7.tar.gz", hash = "sha256:6993f58d1a3afce64150643fd602ca008be23a0bb5e78166c3d3c616b59d1888"},
]

[package.dependencies]
cffi = ">=1.10.0"
packaging = ">=23.0"
six = ">=1.9.0"

[package.extras]
test = ["pytest", "pytest-cov", "pytest-mock"]

[[package]]
name = "six"
version = "1.16.0"
description = "Python 2 and 3 compatibility utilities"
optional = false
python-versions = ">=2.7, !=3.0.*, !=3.1.*, !=3.2.*"
files = [
    {file = "six-1.16.0-py2.py3-none-any.whl", hash = "sha256:8abb2f1d86890a2dfb989f9a77cfcfd3e47c2a354b01111771326f8aa26e0254"},
    {file = "six-1.16.0.tar.gz", hash = "sha256:1e61c37477a1626458e36f7b1d82aa5c9b094fa4802892072e49de9c60c4c926"},
]

[[package]]
name = "wcwidth"
version = "0.2.13"
description = "Measures the displayed width of unicode strings in a terminal"
optional = false
python-versions = "*"
files = [
    {file = "wcwidth-0.2.13-py2.py3-none-any.whl", hash = "sha256:3da69048e4540d84af32131829ff948f1e022c1c6bdb8d6102117aac784f6859"},
    {file = "wcwidth-0.2.13.tar.gz", hash = "sha256:72ea0c06399eb286d978fdedb6923a9eb47e1c486ce63e9b4e64fc18303972b5"},
]

[metadata]
lock-version = "2.0"
python-versions = "^3.12"
content-hash = "56255487df921fcc3141dfe78c28ca468b3d8113458588fbb50e155753caf7a9"
